
Microsoft Visual Studio Solution File, Format Version 12.00
# Visual Studio Version 17
VisualStudioVersion = 17.1.32319.34
MinimumVisualStudioVersion = 10.0.40219.1
Project("{FAE04EC0-301F-11D3-BF4B-00C04F79EFBC}") = "RozkladSchool", "RozkladSchool\RozkladSchool.csproj", "{8E9B9418-A586-43DA-BFA5-F347DBB045D8}"
EndProject
Project("{FAE04EC0-301F-11D3-BF4B-00C04F79EFBC}") = "Rozklad.Core", "Rozklad.Core\Rozklad.Core.csproj", "{01EC934E-CB98-431F-88F4-F9B2C5689B53}"
EndProject
Project("{FAE04EC0-301F-11D3-BF4B-00C04F79EFBC}") = "Rozklad.Repository", "Rozklad.Repository\Rozklad.Repository.csproj", "{979CB414-E408-4084-A75A-D68E9CC7C52E}"
EndProject
Global
	GlobalSection(SolutionConfigurationPlatforms) = preSolution
		Debug|Any CPU = Debug|Any CPU
		Release|Any CPU = Release|Any CPU
	EndGlobalSection
	GlobalSection(ProjectConfigurationPlatforms) = postSolution
		{8E9B9418-A586-43DA-BFA5-F347DBB045D8}.Debug|Any CPU.ActiveCfg = Debug|Any CPU
		{8E9B9418-A586-43DA-BFA5-F347DBB045D8}.Debug|Any CPU.Build.0 = Debug|Any CPU
		{8E9B9418-A586-43DA-BFA5-F347DBB045D8}.Release|Any CPU.ActiveCfg = Release|Any CPU
		{8E9B9418-A586-43DA-BFA5-F347DBB045D8}.Release|Any CPU.Build.0 = Release|Any CPU
		{01EC934E-CB98-431F-88F4-F9B2C5689B53}.Debug|Any CPU.ActiveCfg = Debug|Any CPU
		{01EC934E-CB98-431F-88F4-F9B2C5689B53}.Debug|Any CPU.Build.0 = Debug|Any CPU
		{01EC934E-CB98-431F-88F4-F9B2C5689B53}.Release|Any CPU.ActiveCfg = Release|Any CPU
		{01EC934E-CB98-431F-88F4-F9B2C5689B53}.Release|Any CPU.Build.0 = Release|Any CPU
		{979CB414-E408-4084-A75A-D68E9CC7C52E}.Debug|Any CPU.ActiveCfg = Debug|Any CPU
		{979CB414-E408-4084-A75A-D68E9CC7C52E}.Debug|Any CPU.Build.0 = Debug|Any CPU
		{979CB414-E408-4084-A75A-D68E9CC7C52E}.Release|Any CPU.ActiveCfg = Release|Any CPU
		{979CB414-E408-4084-A75A-D68E9CC7C52E}.Release|Any CPU.Build.0 = Release|Any CPU
	EndGlobalSection
	GlobalSection(SolutionProperties) = preSolution
		HideSolutionNode = FALSE
	EndGlobalSection
	GlobalSection(ExtensibilityGlobals) = postSolution
		SolutionGuid = {99C98CE0-C41A-4285-A20A-C6E5691A4510}
	EndGlobalSection
EndGlobal
